Microsoft Visual Studio Solution File, Format Version 12.00
# Visual Studio Version 17
VisualStudioVersion = 17.5.2.0
MinimumVisualStudioVersion = 10.0.40219.1
Project("{FAE04EC0-301F-11D3-BF4B-00C04F79EFBC}") = "MogoDbProductAPI", "server\MogoDbProductAPI.csproj", "{529D234C-7793-91AF-8133-590C70B8166B}"
EndProject
Global
	GlobalSection(SolutionConfigurationPlatforms) = preSolution
		Debug|Any CPU = Debug|Any CPU
		Release|Any CPU = Release|Any CPU
	EndGlobalSection
	GlobalSection(ProjectConfigurationPlatforms) = postSolution
		{529D234C-7793-91AF-8133-590C70B8166B}.Debug|Any CPU.ActiveCfg = Debug|Any CPU
		{529D234C-7793-91AF-8133-590C70B8166B}.Debug|Any CPU.Build.0 = Debug|Any CPU
		{529D234C-7793-91AF-8133-590C70B8166B}.Release|Any CPU.ActiveCfg = Release|Any CPU
		{529D234C-7793-91AF-8133-590C70B8166B}.Release|Any CPU.Build.0 = Release|Any CPU
	EndGlobalSection
	GlobalSection(SolutionProperties) = preSolution
		HideSolutionNode = FALSE
	EndGlobalSection
	GlobalSection(ExtensibilityGlobals) = postSolution
		SolutionGuid = {9727613B-068F-4F59-A041-8E84991809BB}
	EndGlobalSection
EndGlobal
